# THIS IS AN AUTOGENERATED FILE. DO NOT EDIT THIS FILE DIRECTLY.
# yarn lockfile v1


batch-cluster@^5.0.1:
  version "5.0.1"
  resolved "https://registry.yarnpkg.com/batch-cluster/-/batch-cluster-5.0.1.tgz#9586107b0b0adbd7d72a46b24d2d0720eee685a9"
  integrity sha512-mYyzNATTYC1M0FS8uNVz6OK34AqClODVPENbTrw+eh+n1Tf8xuSVHJvQFUQ00QmBp9Crk73lJYXqemLLEr1vow==

exiftool-vendored.exe@11.21.0:
  version "11.21.0"
  resolved "https://registry.yarnpkg.com/exiftool-vendored.exe/-/exiftool-vendored.exe-11.21.0.tgz#623223aba3aef9babc6732732cf790a2b5273b1d"
  integrity sha512-gLGy2DUln/vhnFY8NDx2ALc/Gz1hHT/Svgkc44ewF+3EGFXE3zD+6gW3TWfhJk/7qEVppLJdc6BxX8ssD//Ztw==

exiftool-vendored.pl@11.21.0:
  version "11.21.0"
  resolved "https://registry.yarnpkg.com/exiftool-vendored.pl/-/exiftool-vendored.pl-11.21.0.tgz#c0a385e1bfd72766556570009e09d4acdc7e652f"
  integrity sha512-Z3lOoDnSNcOtJaZah5V4OyGK24l1SqMdAxmJ3nls51l8M1dSQYX5LyO1YWtNK2NbO+bC64deMULZB3BPltkPiA==

exiftool-vendored@^7.5.0:
  version "7.5.0"
  resolved "https://registry.yarnpkg.com/exiftool-vendored/-/exiftool-vendored-7.5.0.tgz#36d9134e50b450c06c8e196257da2b7ad63a5b43"
  integrity sha512-APSeQlS4JLcu9OLtuAPILMLmGXcCUwDBCF0wHtV8hrzM01QdCIy3mUuf9Yye0QOWmIUsF8X2ZYrOAyXlRFOZsg==
  dependencies:
    batch-cluster "^5.0.1"
    luxon "^1.8.2"
    tz-lookup "^6.1.8"
  optionalDependencies:
    exiftool-vendored.exe "11.21.0"
    exiftool-vendored.pl "11.21.0"

luxon@^1.8.2:
  version "1.8.3"
  resolved "https://registry.yarnpkg.com/luxon/-/luxon-1.8.3.tgz#6c76b50319b3a91a357002ca2e96576bb3bfe26d"
  integrity sha512-hICQcGmUl5e9VUnf5PtHAma+tpiwL/wMBV9/6/M/6iSpzWFHdEElK2Rj4IZx8kbk2/baJvYftgb+n/I2wJ7RXQ==

tz-lookup@^6.1.8:
  version "6.1.8"
  resolved "https://registry.yarnpkg.com/tz-lookup/-/tz-lookup-6.1.8.tgz#baa4daff2e027c3e3545d08743aa933b379bb3e5"
  integrity sha512-NtPsE0evoRblsb8gSgAhK3UWblQDDcyzjwNgfBF3+H4gPMqhPlXIu8sIomjAc+4ErEpYolgnfht3zhm4KVEFgA==
